
Microsoft Visual Studio Solution File, Format Version 12.00
# Visual Studio Version 17
VisualStudioVersion = 17.14.36518.9 d17.14
MinimumVisualStudioVersion = 10.0.40219.1
Project("{FAE04EC0-301F-11D3-BF4B-00C04F79EFBC}") = "NZWalks.API", "NZWalks.API\NZWalks.API.csproj", "{FFACF396-7931-48B3-8E72-4FC063CD848F}"
EndProject
Global
	GlobalSection(SolutionConfigurationPlatforms) = preSolution
		Debug|Any CPU = Debug|Any CPU
		Release|Any CPU = Release|Any CPU
	EndGlobalSection
	GlobalSection(ProjectConfigurationPlatforms) = postSolution
		{FFACF396-7931-48B3-8E72-4FC063CD848F}.Debug|Any CPU.ActiveCfg = Debug|Any CPU
		{FFACF396-7931-48B3-8E72-4FC063CD848F}.Debug|Any CPU.Build.0 = Debug|Any CPU
		{FFACF396-7931-48B3-8E72-4FC063CD848F}.Release|Any CPU.ActiveCfg = Release|Any CPU
		{FFACF396-7931-48B3-8E72-4FC063CD848F}.Release|Any CPU.Build.0 = Release|Any CPU
	EndGlobalSection
	GlobalSection(SolutionProperties) = preSolution
		HideSolutionNode = FALSE
	EndGlobalSection
	GlobalSection(ExtensibilityGlobals) = postSolution
		SolutionGuid = {7BD9F469-7C01-41CD-9AFA-DB40B4457467}
	EndGlobalSection
EndGlobal
